
Microsoft Visual Studio Solution File, Format Version 12.00
# Visual Studio Version 17
VisualStudioVersion = 17.8.34330.188
MinimumVisualStudioVersion = 10.0.40219.1
Project("{FAE04EC0-301F-11D3-BF4B-00C04F79EFBC}") = "project_zdarzenia", "project_zdarzenia.csproj", "{9643122D-541C-41E8-BF51-5C778C4B15CA}"
EndProject
Global
	GlobalSection(SolutionConfigurationPlatforms) = preSolution
		Debug|Any CPU = Debug|Any CPU
		Release|Any CPU = Release|Any CPU
	EndGlobalSection
	GlobalSection(ProjectConfigurationPlatforms) = postSolution
		{9643122D-541C-41E8-BF51-5C778C4B15CA}.Debug|Any CPU.ActiveCfg = Debug|Any CPU
		{9643122D-541C-41E8-BF51-5C778C4B15CA}.Debug|Any CPU.Build.0 = Debug|Any CPU
		{9643122D-541C-41E8-BF51-5C778C4B15CA}.Release|Any CPU.ActiveCfg = Release|Any CPU
		{9643122D-541C-41E8-BF51-5C778C4B15CA}.Release|Any CPU.Build.0 = Release|Any CPU
	EndGlobalSection
	GlobalSection(SolutionProperties) = preSolution
		HideSolutionNode = FALSE
	EndGlobalSection
	GlobalSection(ExtensibilityGlobals) = postSolution
		SolutionGuid = {AEA57982-ED1D-47A0-821D-ABCDB8A705AB}
	EndGlobalSection
EndGlobal
